
Microsoft Visual Studio Solution File, Format Version 12.00
# Visual Studio Version 17
VisualStudioVersion = 17.0.31912.275
MinimumVisualStudioVersion = 10.0.40219.1
Project("{9A19103F-16F7-4668-BE54-9A1E7A4F7556}") = "EasyDapper", "src\EasyDapper\EasyDapper.csproj", "{2577229D-986B-45CC-83F5-D7FF38B26D68}"
EndProject
Project("{9A19103F-16F7-4668-BE54-9A1E7A4F7556}") = "EasyDapper.Extension", "src\EasyDapper.Extension\EasyDapper.Extension.csproj", "{05439CA1-A2D2-4758-827B-2A1B047C3987}"
EndProject
Project("{9A19103F-16F7-4668-BE54-9A1E7A4F7556}") = "EasyDapper.Extension.MsSql", "src\EasyDapper.Extension.MsSql\EasyDapper.Extension.MsSql.csproj", "{2FE5505D-BD65-4E24-B6D2-144B5A138D3A}"
EndProject
Project("{FAE04EC0-301F-11D3-BF4B-00C04F79EFBC}") = "EasyDapper.Test", "src\EasyDapper.Test\EasyDapper.Test.csproj", "{D7D16552-94F7-4D0F-A9FE-3FB528725AC3}"
EndProject
Project("{FAE04EC0-301F-11D3-BF4B-00C04F79EFBC}") = "EasyDapper.Extension.MySql", "src\EasyDapper.Extension.MySql\EasyDapper.Extension.MySql.csproj", "{4388B77A-D600-4B21-9AC4-2E5FB2D943F0}"
EndProject
Global
	GlobalSection(SolutionConfigurationPlatforms) = preSolution
		Debug|Any CPU = Debug|Any CPU
		Release|Any CPU = Release|Any CPU
	EndGlobalSection
	GlobalSection(ProjectConfigurationPlatforms) = postSolution
		{2577229D-986B-45CC-83F5-D7FF38B26D68}.Debug|Any CPU.ActiveCfg = Debug|Any CPU
		{2577229D-986B-45CC-83F5-D7FF38B26D68}.Debug|Any CPU.Build.0 = Debug|Any CPU
		{2577229D-986B-45CC-83F5-D7FF38B26D68}.Release|Any CPU.ActiveCfg = Release|Any CPU
		{2577229D-986B-45CC-83F5-D7FF38B26D68}.Release|Any CPU.Build.0 = Release|Any CPU
		{05439CA1-A2D2-4758-827B-2A1B047C3987}.Debug|Any CPU.ActiveCfg = Debug|Any CPU
		{05439CA1-A2D2-4758-827B-2A1B047C3987}.Debug|Any CPU.Build.0 = Debug|Any CPU
		{05439CA1-A2D2-4758-827B-2A1B047C3987}.Release|Any CPU.ActiveCfg = Release|Any CPU
		{05439CA1-A2D2-4758-827B-2A1B047C3987}.Release|Any CPU.Build.0 = Release|Any CPU
		{2FE5505D-BD65-4E24-B6D2-144B5A138D3A}.Debug|Any CPU.ActiveCfg = Debug|Any CPU
		{2FE5505D-BD65-4E24-B6D2-144B5A138D3A}.Debug|Any CPU.Build.0 = Debug|Any CPU
		{2FE5505D-BD65-4E24-B6D2-144B5A138D3A}.Release|Any CPU.ActiveCfg = Release|Any CPU
		{2FE5505D-BD65-4E24-B6D2-144B5A138D3A}.Release|Any CPU.Build.0 = Release|Any CPU
		{D7D16552-94F7-4D0F-A9FE-3FB528725AC3}.Debug|Any CPU.ActiveCfg = Debug|Any CPU
		{D7D16552-94F7-4D0F-A9FE-3FB528725AC3}.Debug|Any CPU.Build.0 = Debug|Any CPU
		{D7D16552-94F7-4D0F-A9FE-3FB528725AC3}.Release|Any CPU.ActiveCfg = Release|Any CPU
		{D7D16552-94F7-4D0F-A9FE-3FB528725AC3}.Release|Any CPU.Build.0 = Release|Any CPU
		{4388B77A-D600-4B21-9AC4-2E5FB2D943F0}.Debug|Any CPU.ActiveCfg = Debug|Any CPU
		{4388B77A-D600-4B21-9AC4-2E5FB2D943F0}.Debug|Any CPU.Build.0 = Debug|Any CPU
		{4388B77A-D600-4B21-9AC4-2E5FB2D943F0}.Release|Any CPU.ActiveCfg = Release|Any CPU
		{4388B77A-D600-4B21-9AC4-2E5FB2D943F0}.Release|Any CPU.Build.0 = Release|Any CPU
	EndGlobalSection
	GlobalSection(SolutionProperties) = preSolution
		HideSolutionNode = FALSE
	EndGlobalSection
	GlobalSection(ExtensibilityGlobals) = postSolution
		SolutionGuid = {B4EB4365-03C8-4D93-A366-11AB7D793BB0}
	EndGlobalSection
EndGlobal
